
Microsoft Visual Studio Solution File, Format Version 12.00
# Visual Studio 15
VisualStudioVersion = 15.0.28307.1433
MinimumVisualStudioVersion = 10.0.40219.1
Project("{FAE04EC0-301F-11D3-BF4B-00C04F79EFBC}") = "FearStudy", "FearStudy\FearStudy.csproj", "{C65DB9C6-ABBA-4691-A226-9722C61D7268}"
EndProject
Project("{2150E333-8FDC-42A3-9474-1A3956D46DE8}") = "Solution Items", "Solution Items", "{F1A541AB-CFDF-414F-BD0A-FFD13ABBB9A1}"
EndProject
Global
	GlobalSection(SolutionConfigurationPlatforms) = preSolution
		Debug|Any CPU = Debug|Any CPU
		Release|Any CPU = Release|Any CPU
	EndGlobalSection
	GlobalSection(ProjectConfigurationPlatforms) = postSolution
		{C65DB9C6-ABBA-4691-A226-9722C61D7268}.Debug|Any CPU.ActiveCfg = Debug|Any CPU
		{C65DB9C6-ABBA-4691-A226-9722C61D7268}.Debug|Any CPU.Build.0 = Debug|Any CPU
		{C65DB9C6-ABBA-4691-A226-9722C61D7268}.Release|Any CPU.ActiveCfg = Release|Any CPU
		{C65DB9C6-ABBA-4691-A226-9722C61D7268}.Release|Any CPU.Build.0 = Release|Any CPU
	EndGlobalSection
	GlobalSection(SolutionProperties) = preSolution
		HideSolutionNode = FALSE
	EndGlobalSection
	GlobalSection(ExtensibilityGlobals) = postSolution
		SolutionGuid = {4F0EF847-1142-4060-B9FF-2BFB2546C80B}
	EndGlobalSection
EndGlobal
